
Microsoft Visual Studio Solution File, Format Version 12.00
# Visual Studio Version 16
VisualStudioVersion = 16.0.31129.286
MinimumVisualStudioVersion = 10.0.40219.1
Project("{FAE04EC0-301F-11D3-BF4B-00C04F79EFBC}") = "MESSI-M20", "MESSI-M20\MESSI-M20.csproj", "{3E1CEC22-5F6D-4D74-BD97-D92BD8CF9367}"
EndProject
Project("{FAE04EC0-301F-11D3-BF4B-00C04F79EFBC}") = "AccesDades", "AccesDades\AccesDades.csproj", "{817E82BA-FF82-46CC-ACFB-5C5E71E61C33}"
EndProject
Global
	GlobalSection(SolutionConfigurationPlatforms) = preSolution
		Debug|Any CPU = Debug|Any CPU
		Release|Any CPU = Release|Any CPU
	EndGlobalSection
	GlobalSection(ProjectConfigurationPlatforms) = postSolution
		{3E1CEC22-5F6D-4D74-BD97-D92BD8CF9367}.Debug|Any CPU.ActiveCfg = Debug|Any CPU
		{3E1CEC22-5F6D-4D74-BD97-D92BD8CF9367}.Debug|Any CPU.Build.0 = Debug|Any CPU
		{3E1CEC22-5F6D-4D74-BD97-D92BD8CF9367}.Release|Any CPU.ActiveCfg = Release|Any CPU
		{3E1CEC22-5F6D-4D74-BD97-D92BD8CF9367}.Release|Any CPU.Build.0 = Release|Any CPU
		{817E82BA-FF82-46CC-ACFB-5C5E71E61C33}.Debug|Any CPU.ActiveCfg = Debug|Any CPU
		{817E82BA-FF82-46CC-ACFB-5C5E71E61C33}.Debug|Any CPU.Build.0 = Debug|Any CPU
		{817E82BA-FF82-46CC-ACFB-5C5E71E61C33}.Release|Any CPU.ActiveCfg = Release|Any CPU
		{817E82BA-FF82-46CC-ACFB-5C5E71E61C33}.Release|Any CPU.Build.0 = Release|Any CPU
	EndGlobalSection
	GlobalSection(SolutionProperties) = preSolution
		HideSolutionNode = FALSE
	EndGlobalSection
	GlobalSection(ExtensibilityGlobals) = postSolution
		SolutionGuid = {28CB5004-1619-4DD2-BDBE-4D1DDAFA4BA9}
	EndGlobalSection
EndGlobal
